// !$*UTF8*$!
{
	archiveVersion = 1;
	classes = {
	};
	objectVersion = 77;
	objects = {

/* Begin PBXContainerItemProxy section */
		F5191F682D6BC3D900195F65 /* PBXContainerItemProxy */ = {
			isa = PBXContainerItemProxy;
			containerPortal = F5191F492D6BC3D800195F65 /* Project object */;
			proxyType = 1;
			remoteGlobalIDString = F5191F502D6BC3D800195F65;
			remoteInfo = PokemonTCG;
		};
		F5191F722D6BC3D900195F65 /* PBXContainerItemProxy */ = {
			isa = PBXContainerItemProxy;
			containerPortal = F5191F492D6BC3D800195F65 /* Project object */;
			proxyType = 1;
			remoteGlobalIDString = F5191F502D6BC3D800195F65;
			remoteInfo = PokemonTCG;
		};
/* End PBXContainerItemProxy section */

/* Begin PBXFileReference section */
		F5191F512D6BC3D800195F65 /* PokemonTCG.app */ = {isa = PBXFileReference; explicitFileType = wrapper.application; includeInIndex = 0; path = PokemonTCG.app; sourceTree = BUILT_PRODUCTS_DIR; };
		F5191F672D6BC3D900195F65 /* PokemonTCGTests.xctest */ = {isa = PBXFileReference; explicitFileType = wrapper.cfbundle; includeInIndex = 0; path = PokemonTCGTests.xctest; sourceTree = BUILT_PRODUCTS_DIR; };
		F5191F712D6BC3D900195F65 /* PokemonTCGUITests.xctest */ = {isa = PBXFileReference; explicitFileType = wrapper.cfbundle; includeInIndex = 0; path = PokemonTCGUITests.xctest; sourceTree = BUILT_PRODUCTS_DIR; };
/* End PBXFileReference section */

/* Begin PBXFileSystemSynchronizedBuildFileExceptionSet section */
		F5191F792D6BC3D900195F65 /* Exceptions for "PokemonTCG" folder in "PokemonTCG" target */ = {
			isa = PBXFileSystemSynchronizedBuildFileExceptionSet;
			membershipExceptions = (
				Info.plist,
			);
			target = F5191F502D6BC3D800195F65 /* PokemonTCG */;
		};
/* End PBXFileSystemSynchronizedBuildFileExceptionSet section */

/* Begin PBXFileSystemSynchronizedRootGroup section */
		F5191F532D6BC3D800195F65 /* PokemonTCG */ = {
			isa = PBXFileSystemSynchronizedRootGroup;
			exceptions = (
				F5191F792D6BC3D900195F65 /* Exceptions for "PokemonTCG" folder in "PokemonTCG" target */,
			);
			path = PokemonTCG;
			sourceTree = "<group>";
		};
		F5191F6A2D6BC3D900195F65 /* PokemonTCGTests */ = {
			isa = PBXFileSystemSynchronizedRootGroup;
			path = PokemonTCGTests;
			sourceTree = "<group>";
		};
		F5191F742D6BC3D900195F65 /* PokemonTCGUITests */ = {
			isa = PBXFileSystemSynchronizedRootGroup;
			path = PokemonTCGUITests;
			sourceTree = "<group>";
		};
/* End PBXFileSystemSynchronizedRootGroup section */

/* Begin PBXFrameworksBuildPhase section */
		F5191F4E2D6BC3D800195F65 /* Frameworks */ = {
			isa = PBXFrameworksBuildPhase;
			buildActionMask = 2147483647;
			files = (
			);
			runOnlyForDeploymentPostprocessing = 0;
		};
		F5191F642D6BC3D900195F65 /* Frameworks */ = {
			isa = PBXFrameworksBuildPhase;
			buildActionMask = 2147483647;
			files = (
			);
			runOnlyForDeploymentPostprocessing = 0;
		};
		F5191F6E2D6BC3D900195F65 /* Frameworks */ = {
			isa = PBXFrameworksBuildPhase;
			buildActionMask = 2147483647;
			files = (
			);
			runOnlyForDeploymentPostprocessing = 0;
		};
/* End PBXFrameworksBuildPhase section */

/* Begin PBXGroup section */
		F5191F482D6BC3D800195F65 = {
			isa = PBXGroup;
			children = (
				F5191F532D6BC3D800195F65 /* PokemonTCG */,
				F5191F6A2D6BC3D900195F65 /* PokemonTCGTests */,
				F5191F742D6BC3D900195F65 /* PokemonTCGUITests */,
				F5191F522D6BC3D800195F65 /* Products */,
			);
			sourceTree = "<group>";
		};
		F5191F522D6BC3D800195F65 /* Products */ = {
			isa = PBXGroup;
			children = (
				F5191F512D6BC3D800195F65 /* PokemonTCG.app */,
				F5191F672D6BC3D900195F65 /* PokemonTCGTests.xctest */,
				F5191F712D6BC3D900195F65 /* PokemonTCGUITests.xctest */,
			);
			name = Products;
			sourceTree = "<group>";
		};
/* End PBXGroup section */

/* Begin PBXNativeTarget section */
		F5191F502D6BC3D800195F65 /* PokemonTCG */ = {
			isa = PBXNativeTarget;
			buildConfigurationList = F5191F7A2D6BC3D900195F65 /* Build configuration list for PBXNativeTarget "PokemonTCG" */;
			buildPhases = (
				F5191F4D2D6BC3D800195F65 /* Sources */,
				F5191F4E2D6BC3D800195F65 /* Frameworks */,
				F5191F4F2D6BC3D800195F65 /* Resources */,
			);
			buildRules = (
			);
			dependencies = (
			);
			fileSystemSynchronizedGroups = (
				F5191F532D6BC3D800195F65 /* PokemonTCG */,
			);
			name = PokemonTCG;
			packageProductDependencies = (
			);
			productName = PokemonTCG;
			productReference = F5191F512D6BC3D800195F65 /* PokemonTCG.app */;
			productType = "com.apple.product-type.application";
		};
		F5191F662D6BC3D900195F65 /* PokemonTCGTests */ = {
			isa = PBXNativeTarget;
			buildConfigurationList = F5191F7F2D6BC3D900195F65 /* Build configuration list for PBXNativeTarget "PokemonTCGTests" */;
			buildPhases = (
				F5191F632D6BC3D900195F65 /* Sources */,
				F5191F642D6BC3D900195F65 /* Frameworks */,
				F5191F652D6BC3D900195F65 /* Resources */,
			);
			buildRules = (
			);
			dependencies = (
				F5191F692D6BC3D900195F65 /* PBXTargetDependency */,
			);
			fileSystemSynchronizedGroups = (
				F5191F6A2D6BC3D900195F65 /* PokemonTCGTests */,
			);
			name = PokemonTCGTests;
			packageProductDependencies = (
			);
			productName = PokemonTCGTests;
			productReference = F5191F672D6BC3D900195F65 /* PokemonTCGTests.xctest */;
			productType = "com.apple.product-type.bundle.unit-test";
		};
		F5191F702D6BC3D900195F65 /* PokemonTCGUITests */ = {
			isa = PBXNativeTarget;
			buildConfigurationList = F5191F822D6BC3D900195F65 /* Build configuration list for PBXNativeTarget "PokemonTCGUITests" */;
			buildPhases = (
				F5191F6D2D6BC3D900195F65 /* Sources */,
				F5191F6E2D6BC3D900195F65 /* Frameworks */,
				F5191F6F2D6BC3D900195F65 /* Resources */,
			);
			buildRules = (
			);
			dependencies = (
				F5191F732D6BC3D900195F65 /* PBXTargetDependency */,
			);
			fileSystemSynchronizedGroups = (
				F5191F742D6BC3D900195F65 /* PokemonTCGUITests */,
			);
			name = PokemonTCGUITests;
			packageProductDependencies = (
			);
			productName = PokemonTCGUITests;
			productReference = F5191F712D6BC3D900195F65 /* PokemonTCGUITests.xctest */;
			productType = "com.apple.product-type.bundle.ui-testing";
		};
/* End PBXNativeTarget section */

/* Begin PBXProject section */
		F5191F492D6BC3D800195F65 /* Project object */ = {
			isa = PBXProject;
			attributes = {
				BuildIndependentTargetsInParallel = 1;
				LastSwiftUpdateCheck = 1600;
				LastUpgradeCheck = 1600;
				TargetAttributes = {
					F5191F502D6BC3D800195F65 = {
						CreatedOnToolsVersion = 16.0;
					};
					F5191F662D6BC3D900195F65 = {
						CreatedOnToolsVersion = 16.0;
						TestTargetID = F5191F502D6BC3D800195F65;
					};
					F5191F702D6BC3D900195F65 = {
						CreatedOnToolsVersion = 16.0;
						TestTargetID = F5191F502D6BC3D800195F65;
					};
				};
			};
			buildConfigurationList = F5191F4C2D6BC3D800195F65 /* Build configuration list for PBXProject "PokemonTCG" */;
			developmentRegion = en;
			hasScannedForEncodings = 0;
			knownRegions = (
				en,
				Base,
			);
			mainGroup = F5191F482D6BC3D800195F65;
			minimizedProjectReferenceProxies = 1;
			preferredProjectObjectVersion = 77;
			productRefGroup = F5191F522D6BC3D800195F65 /* Products */;
			projectDirPath = "";
			projectRoot = "";
			targets = (
				F5191F502D6BC3D800195F65 /* PokemonTCG */,
				F5191F662D6BC3D900195F65 /* PokemonTCGTests */,
				F5191F702D6BC3D900195F65 /* PokemonTCGUITests */,
			);
		};
/* End PBXProject section */

/* Begin PBXResourcesBuildPhase section */
		F5191F4F2D6BC3D800195F65 /* Resources */ = {
			isa = PBXResourcesBuildPhase;
			buildActionMask = 2147483647;
			files = (
			);
			runOnlyForDeploymentPostprocessing = 0;
		};
		F5191F652D6BC3D900195F65 /* Resources */ = {
			isa = PBXResourcesBuildPhase;
			buildActionMask = 2147483647;
			files = (
			);
			runOnlyForDeploymentPostprocessing = 0;
		};
		F5191F6F2D6BC3D900195F65 /* Resources */ = {
			isa = PBXResourcesBuildPhase;
			buildActionMask = 2147483647;
			files = (
			);
			runOnlyForDeploymentPostprocessing = 0;
		};
/* End PBXResourcesBuildPhase section */

/* Begin PBXSourcesBuildPhase section */
		F5191F4D2D6BC3D800195F65 /* Sources */ = {
			isa = PBXSourcesBuildPhase;
			buildActionMask = 2147483647;
			files = (
			);
			runOnlyForDeploymentPostprocessing = 0;
		};
		F5191F632D6BC3D900195F65 /* Sources */ = {
			isa = PBXSourcesBuildPhase;
			buildActionMask = 2147483647;
			files = (
			);
			runOnlyForDeploymentPostprocessing = 0;
		};
		F5191F6D2D6BC3D900195F65 /* Sources */ = {
			isa = PBXSourcesBuildPhase;
			buildActionMask = 2147483647;
			files = (
			);
			runOnlyForDeploymentPostprocessing = 0;
		};
/* End PBXSourcesBuildPhase section */

/* Begin PBXTargetDependency section */
		F5191F692D6BC3D900195F65 /* PBXTargetDependency */ = {
			isa = PBXTargetDependency;
			target = F5191F502D6BC3D800195F65 /* PokemonTCG */;
			targetProxy = F5191F682D6BC3D900195F65 /* PBXContainerItemProxy */;
		};
		F5191F732D6BC3D900195F65 /* PBXTargetDependency */ = {
			isa = PBXTargetDependency;
			target = F5191F502D6BC3D800195F65 /* PokemonTCG */;
			targetProxy = F5191F722D6BC3D900195F65 /* PBXContainerItemProxy */;
		};
/* End PBXTargetDependency section */

/* Begin XCBuildConfiguration section */
		F5191F7B2D6BC3D900195F65 /* Debug */ = {
			isa = XCBuildConfiguration;
			buildSettings = {
				ASSETCATALOG_COMPILER_APPICON_NAME = AppIcon;
				ASSETCATALOG_COMPILER_GLOBAL_ACCENT_COLOR_NAME = AccentColor;
				CODE_SIGN_STYLE = Automatic;
				CURRENT_PROJECT_VERSION = 1;
				DEVELOPMENT_TEAM = 5SGX34KZHL;
				GENERATE_INFOPLIST_FILE = YES;
				INFOPLIST_FILE = PokemonTCG/Info.plist;
				INFOPLIST_KEY_UIApplicationSupportsIndirectInputEvents = YES;
				INFOPLIST_KEY_UILaunchStoryboardName = LaunchScreen;
				INFOPLIST_KEY_UISupportedInterfaceOrientations_iPad = "UIInterfaceOrientationPortrait UIInterfaceOrientationPortraitUpsideDown UIInterfaceOrientationLandscapeLeft UIInterfaceOrientationLandscapeRight";
				INFOPLIST_KEY_UISupportedInterfaceOrientations_iPhone = "UIInterfaceOrientationPortrait UIInterfaceOrientationLandscapeLeft UIInterfaceOrientationLandscapeRight";
				LD_RUNPATH_SEARCH_PATHS = (
					"$(inherited)",
					"@executable_path/Frameworks",
				);
				MARKETING_VERSION = 1.0;
				PRODUCT_BUNDLE_IDENTIFIER = jorge.oneill.PokemonTCG;
				PRODUCT_NAME = "$(TARGET_NAME)";
				SWIFT_EMIT_LOC_STRINGS = YES;
				SWIFT_VERSION = 5.0;
				TARGETED_DEVICE_FAMILY = "1,2";
			};
			name = Debug;
		};
		F5191F7C2D6BC3D900195F65 /* Release */ = {
			isa = XCBuildConfiguration;
			buildSettings = {
				ASSETCATALOG_COMPILER_APPICON_NAME = AppIcon;
				ASSETCATALOG_COMPILER_GLOBAL_ACCENT_COLOR_NAME = AccentColor;
				CODE_SIGN_STYLE = Automatic;
				CURRENT_PROJECT_VERSION = 1;
				DEVELOPMENT_TEAM = 5SGX34KZHL;
				GENERATE_INFOPLIST_FILE = YES;
				INFOPLIST_FILE = PokemonTCG/Info.plist;
				INFOPLIST_KEY_UIApplicationSupportsIndirectInputEvents = YES;
				INFOPLIST_KEY_UILaunchStoryboardName = LaunchScreen;
				INFOPLIST_KEY_UISupportedInterfaceOrientations_iPad = "UIInterfaceOrientationPortrait UIInterfaceOrientationPortraitUpsideDown UIInterfaceOrientationLandscapeLeft UIInterfaceOrientationLandscapeRight";
				INFOPLIST_KEY_UISupportedInterfaceOrientations_iPhone = "UIInterfaceOrientationPortrait UIInterfaceOrientationLandscapeLeft UIInterfaceOrientationLandscapeRight";
				LD_RUNPATH_SEARCH_PATHS = (
					"$(inherited)",
					"@executable_path/Frameworks",
				);
				MARKETING_VERSION = 1.0;
				PRODUCT_BUNDLE_IDENTIFIER = jorge.oneill.PokemonTCG;
				PRODUCT_NAME = "$(TARGET_NAME)";
				SWIFT_EMIT_LOC_STRINGS = YES;
				SWIFT_VERSION = 5.0;
				TARGETED_DEVICE_FAMILY = "1,2";
			};
			name = Release;
		};
		F5191F7D2D6BC3D900195F65 /* Debug */ = {
			isa = XCBuildConfiguration;
			buildSettings = {
				ALWAYS_SEARCH_USER_PATHS = NO;
				ASSETCATALOG_COMPILER_GENERATE_SWIFT_ASSET_SYMBOL_EXTENSIONS = YES;
				CLANG_ANALYZER_NONNULL = YES;
				CLANG_ANALYZER_NUMBER_OBJECT_CONVERSION = YES_AGGRESSIVE;
				CLANG_CXX_LANGUAGE_STANDARD = "gnu++20";
				CLANG_ENABLE_MODULES = YES;
				CLANG_ENABLE_OBJC_ARC = YES;
				CLANG_ENABLE_OBJC_WEAK = YES;
				CLANG_WARN_BLOCK_CAPTURE_AUTORELEASING = YES;
				CLANG_WARN_BOOL_CONVERSION = YES;
				CLANG_WARN_COMMA = YES;
				CLANG_WARN_CONSTANT_CONVERSION = YES;
				CLANG_WARN_DEPRECATED_OBJC_IMPLEMENTATIONS = YES;
				CLANG_WARN_DIRECT_OBJC_ISA_USAGE = YES_ERROR;
				CLANG_WARN_DOCUMENTATION_COMMENTS = YES;
				CLANG_WARN_EMPTY_BODY = YES;
				CLANG_WARN_ENUM_CONVERSION = YES;
				CLANG_WARN_INFINITE_RECURSION = YES;
				CLANG_WARN_INT_CONVERSION = YES;
				CLANG_WARN_NON_LITERAL_NULL_CONVERSION = YES;
				CLANG_WARN_OBJC_IMPLICIT_RETAIN_SELF = YES;
				CLANG_WARN_OBJC_LITERAL_CONVERSION = YES;
				CLANG_WARN_OBJC_ROOT_CLASS = YES_ERROR;
				CLANG_WARN_QUOTED_INCLUDE_IN_FRAMEWORK_HEADER = YES;
				CLANG_WARN_RANGE_LOOP_ANALYSIS = YES;
				CLANG_WARN_STRICT_PROTOTYPES = YES;
				CLANG_WARN_SUSPICIOUS_MOVE = YES;
				CLANG_WARN_UNGUARDED_AVAILABILITY = YES_AGGRESSIVE;
				CLANG_WARN_UNREACHABLE_CODE = YES;
				CLANG_WARN__DUPLICATE_METHOD_MATCH = YES;
				COPY_PHASE_STRIP = NO;
				DEBUG_INFORMATION_FORMAT = dwarf;
				ENABLE_STRICT_OBJC_MSGSEND = YES;
				ENABLE_TESTABILITY = YES;
				ENABLE_USER_SCRIPT_SANDBOXING = YES;
				GCC_C_LANGUAGE_STANDARD = gnu17;
				GCC_DYNAMIC_NO_PIC = NO;
				GCC_NO_COMMON_BLOCKS = YES;
				GCC_OPTIMIZATION_LEVEL = 0;
				GCC_PREPROCESSOR_DEFINITIONS = (
					"DEBUG=1",
					"$(inherited)",
				);
				GCC_WARN_64_TO_32_BIT_CONVERSION = YES;
				GCC_WARN_ABOUT_RETURN_TYPE = YES_ERROR;
				GCC_WARN_UNDECLARED_SELECTOR = YES;
				GCC_WARN_UNINITIALIZED_AUTOS = YES_AGGRESSIVE;
				GCC_WARN_UNUSED_FUNCTION = YES;
				GCC_WARN_UNUSED_VARIABLE = YES;
				IPHONEOS_DEPLOYMENT_TARGET = 18.0;
				LOCALIZATION_PREFERS_STRING_CATALOGS = YES;
				MTL_ENABLE_DEBUG_INFO = INCLUDE_SOURCE;
				MTL_FAST_MATH = YES;
				ONLY_ACTIVE_ARCH = YES;
				SDKROOT = iphoneos;
				SWIFT_ACTIVE_COMPILATION_CONDITIONS = "DEBUG $(inherited)";
				SWIFT_EMIT_LOC_STRINGS = YES;
				SWIFT_OPTIMIZATION_LEVEL = "-Onone";
			};
			name = Debug;
		};
		F5191F7E2D6BC3D900195F65 /* Release */ = {
			isa = XCBuildConfiguration;
			buildSettings = {
				ALWAYS_SEARCH_USER_PATHS = NO;
				ASSETCATALOG_COMPILER_GENERATE_SWIFT_ASSET_SYMBOL_EXTENSIONS = YES;
				CLANG_ANALYZER_NONNULL = YES;
				CLANG_ANALYZER_NUMBER_OBJECT_CONVERSION = YES_AGGRESSIVE;
				CLANG_CXX_LANGUAGE_STANDARD = "gnu++20";
				CLANG_ENABLE_MODULES = YES;
				CLANG_ENABLE_OBJC_ARC = YES;
				CLANG_ENABLE_OBJC_WEAK = YES;
				CLANG_WARN_BLOCK_CAPTURE_AUTORELEASING = YES;
				CLANG_WARN_BOOL_CONVERSION = YES;
				CLANG_WARN_COMMA = YES;
				CLANG_WARN_CONSTANT_CONVERSION = YES;
				CLANG_WARN_DEPRECATED_OBJC_IMPLEMENTATIONS = YES;
				CLANG_WARN_DIRECT_OBJC_ISA_USAGE = YES_ERROR;
				CLANG_WARN_DOCUMENTATION_COMMENTS = YES;
				CLANG_WARN_EMPTY_BODY = YES;
				CLANG_WARN_ENUM_CONVERSION = YES;
				CLANG_WARN_INFINITE_RECURSION = YES;
				CLANG_WARN_INT_CONVERSION = YES;
				CLANG_WARN_NON_LITERAL_NULL_CONVERSION = YES;
				CLANG_WARN_OBJC_IMPLICIT_RETAIN_SELF = YES;
				CLANG_WARN_OBJC_LITERAL_CONVERSION = YES;
				CLANG_WARN_OBJC_ROOT_CLASS = YES_ERROR;
				CLANG_WARN_QUOTED_INCLUDE_IN_FRAMEWORK_HEADER = YES;
				CLANG_WARN_RANGE_LOOP_ANALYSIS = YES;
				CLANG_WARN_STRICT_PROTOTYPES = YES;
				CLANG_WARN_SUSPICIOUS_MOVE = YES;
				CLANG_WARN_UNGUARDED_AVAILABILITY = YES_AGGRESSIVE;
				CLANG_WARN_UNREACHABLE_CODE = YES;
				CLANG_WARN__DUPLICATE_METHOD_MATCH = YES;
				COPY_PHASE_STRIP = NO;
				DEBUG_INFORMATION_FORMAT = "dwarf-with-dsym";
				ENABLE_NS_ASSERTIONS = NO;
				ENABLE_STRICT_OBJC_MSGSEND = YES;
				ENABLE_USER_SCRIPT_SANDBOXING = YES;
				GCC_C_LANGUAGE_STANDARD = gnu17;
				GCC_NO_COMMON_BLOCKS = YES;
				GCC_WARN_64_TO_32_BIT_CONVERSION = YES;
				GCC_WARN_ABOUT_RETURN_TYPE = YES_ERROR;
				GCC_WARN_UNDECLARED_SELECTOR = YES;
				GCC_WARN_UNINITIALIZED_AUTOS = YES_AGGRESSIVE;
				GCC_WARN_UNUSED_FUNCTION = YES;
				GCC_WARN_UNUSED_VARIABLE = YES;
				IPHONEOS_DEPLOYMENT_TARGET = 18.0;
				LOCALIZATION_PREFERS_STRING_CATALOGS = YES;
				MTL_ENABLE_DEBUG_INFO = NO;
				MTL_FAST_MATH = YES;
				SDKROOT = iphoneos;
				SWIFT_COMPILATION_MODE = wholemodule;
				SWIFT_EMIT_LOC_STRINGS = YES;
				VALIDATE_PRODUCT = YES;
			};
			name = Release;
		};
		F5191F802D6BC3D900195F65 /* Debug */ = {
			isa = XCBuildConfiguration;
			buildSettings = {
				BUNDLE_LOADER = "$(TEST_HOST)";
				CODE_SIGN_STYLE = Automatic;
				CURRENT_PROJECT_VERSION = 1;
				DEVELOPMENT_TEAM = 5SGX34KZHL;
				GENERATE_INFOPLIST_FILE = YES;
				IPHONEOS_DEPLOYMENT_TARGET = 18.0;
				MARKETING_VERSION = 1.0;
				PRODUCT_BUNDLE_IDENTIFIER = jorge.oneill.PokemonTCGTests;
				PRODUCT_NAME = "$(TARGET_NAME)";
				SWIFT_EMIT_LOC_STRINGS = NO;
				SWIFT_VERSION = 5.0;
				TARGETED_DEVICE_FAMILY = "1,2";
				TEST_HOST = "$(BUILT_PRODUCTS_DIR)/PokemonTCG.app/$(BUNDLE_EXECUTABLE_FOLDER_PATH)/PokemonTCG";
			};
			name = Debug;
		};
		F5191F812D6BC3D900195F65 /* Release */ = {
			isa = XCBuildConfiguration;
			buildSettings = {
				BUNDLE_LOADER = "$(TEST_HOST)";
				CODE_SIGN_STYLE = Automatic;
				CURRENT_PROJECT_VERSION = 1;
				DEVELOPMENT_TEAM = 5SGX34KZHL;
				GENERATE_INFOPLIST_FILE = YES;
				IPHONEOS_DEPLOYMENT_TARGET = 18.0;
				MARKETING_VERSION = 1.0;
				PRODUCT_BUNDLE_IDENTIFIER = jorge.oneill.PokemonTCGTests;
				PRODUCT_NAME = "$(TARGET_NAME)";
				SWIFT_EMIT_LOC_STRINGS = NO;
				SWIFT_VERSION = 5.0;
				TARGETED_DEVICE_FAMILY = "1,2";
				TEST_HOST = "$(BUILT_PRODUCTS_DIR)/PokemonTCG.app/$(BUNDLE_EXECUTABLE_FOLDER_PATH)/PokemonTCG";
			};
			name = Release;
		};
		F5191F832D6BC3D900195F65 /* Debug */ = {
			isa = XCBuildConfiguration;
			buildSettings = {
				CODE_SIGN_STYLE = Automatic;
				CURRENT_PROJECT_VERSION = 1;
				DEVELOPMENT_TEAM = 5SGX34KZHL;
				GENERATE_INFOPLIST_FILE = YES;
				MARKETING_VERSION = 1.0;
				PRODUCT_BUNDLE_IDENTIFIER = jorge.oneill.PokemonTCGUITests;
				PRODUCT_NAME = "$(TARGET_NAME)";
				SWIFT_EMIT_LOC_STRINGS = NO;
				SWIFT_VERSION = 5.0;
				TARGETED_DEVICE_FAMILY = "1,2";
				TEST_TARGET_NAME = PokemonTCG;
			};
			name = Debug;
		};
		F5191F842D6BC3D900195F65 /* Release */ = {
			isa = XCBuildConfiguration;
			buildSettings = {
				CODE_SIGN_STYLE = Automatic;
				CURRENT_PROJECT_VERSION = 1;
				DEVELOPMENT_TEAM = 5SGX34KZHL;
				GENERATE_INFOPLIST_FILE = YES;
				MARKETING_VERSION = 1.0;
				PRODUCT_BUNDLE_IDENTIFIER = jorge.oneill.PokemonTCGUITests;
				PRODUCT_NAME = "$(TARGET_NAME)";
				SWIFT_EMIT_LOC_STRINGS = NO;
				SWIFT_VERSION = 5.0;
				TARGETED_DEVICE_FAMILY = "1,2";
				TEST_TARGET_NAME = PokemonTCG;
			};
			name = Release;
		};
/* End XCBuildConfiguration section */

/* Begin XCConfigurationList section */
		F5191F4C2D6BC3D800195F65 /* Build configuration list for PBXProject "PokemonTCG" */ = {
			isa = XCConfigurationList;
			buildConfigurations = (
				F5191F7D2D6BC3D900195F65 /* Debug */,
				F5191F7E2D6BC3D900195F65 /* Release */,
			);
			defaultConfigurationIsVisible = 0;
			defaultConfigurationName = Release;
		};
		F5191F7A2D6BC3D900195F65 /* Build configuration list for PBXNativeTarget "PokemonTCG" */ = {
			isa = XCConfigurationList;
			buildConfigurations = (
				F5191F7B2D6BC3D900195F65 /* Debug */,
				F5191F7C2D6BC3D900195F65 /* Release */,
			);
			defaultConfigurationIsVisible = 0;
			defaultConfigurationName = Release;
		};
		F5191F7F2D6BC3D900195F65 /* Build configuration list for PBXNativeTarget "PokemonTCGTests" */ = {
			isa = XCConfigurationList;
			buildConfigurations = (
				F5191F802D6BC3D900195F65 /* Debug */,
				F5191F812D6BC3D900195F65 /* Release */,
			);
			defaultConfigurationIsVisible = 0;
			defaultConfigurationName = Release;
		};
		F5191F822D6BC3D900195F65 /* Build configuration list for PBXNativeTarget "PokemonTCGUITests" */ = {
			isa = XCConfigurationList;
			buildConfigurations = (
				F5191F832D6BC3D900195F65 /* Debug */,
				F5191F842D6BC3D900195F65 /* Release */,
			);
			defaultConfigurationIsVisible = 0;
			defaultConfigurationName = Release;
		};
/* End XCConfigurationList section */
	};
	rootObject = F5191F492D6BC3D800195F65 /* Project object */;
}
